
Microsoft Visual Studio Solution File, Format Version 12.00
# Visual Studio 2013
VisualStudioVersion = 12.0.21005.1
MinimumVisualStudioVersion = 10.0.40219.1
Project("{8BC9CEB8-8B4A-11D0-8D11-00A0C91BC942}") = "test-11.23bj", "test-11.23bj\test-11.23bj.vcxproj", "{9669E1A2-CCDE-424F-B2CF-E8E092618143}"
EndProject
Global
	GlobalSection(SolutionConfigurationPlatforms) = preSolution
		Debug|Win32 = Debug|Win32
		Release|Win32 = Release|Win32
	EndGlobalSection
	GlobalSection(ProjectConfigurationPlatforms) = postSolution
		{9669E1A2-CCDE-424F-B2CF-E8E092618143}.Debug|Win32.ActiveCfg = Debug|Win32
		{9669E1A2-CCDE-424F-B2CF-E8E092618143}.Debug|Win32.Build.0 = Debug|Win32
		{9669E1A2-CCDE-424F-B2CF-E8E092618143}.Release|Win32.ActiveCfg = Release|Win32
		{9669E1A2-CCDE-424F-B2CF-E8E092618143}.Release|Win32.Build.0 = Release|Win32
	EndGlobalSection
	GlobalSection(SolutionProperties) = preSolution
		HideSolutionNode = FALSE
	EndGlobalSection
EndGlobal
